
Microsoft Visual Studio Solution File, Format Version 12.00
# Visual Studio 2012
Project("{2150E333-8FDC-42A3-9474-1A3956D46DE8}") = "src", "src", "{EEA7083E-480F-4CE4-A0C9-B1A4697ED380}"
EndProject
Project("{2150E333-8FDC-42A3-9474-1A3956D46DE8}") = "app", "app", "{DF7731B0-75D6-4A72-B6AA-E2F62209662C}"
EndProject
Project("{2150E333-8FDC-42A3-9474-1A3956D46DE8}") = "test", "test", "{11107D97-E18E-4488-AF82-1F5E380B4F50}"
EndProject
Project("{2150E333-8FDC-42A3-9474-1A3956D46DE8}") = "plugins", "plugins", "{74AC8138-03FD-4BD0-96D5-CEA7DA68717D}"
EndProject
Project("{2150E333-8FDC-42A3-9474-1A3956D46DE8}") = "plugins", "plugins", "{43C9CC60-AA71-493D-814A-19A515000B79}"
EndProject
Project("{FAE04EC0-301F-11D3-BF4B-00C04F79EFBC}") = "Geckon.Octopus.Plugins.TestPlugin", "src\app\plugins\Geckon.Octopus.Plugins.TestPlugin\Geckon.Octopus.Plugins.TestPlugin.csproj", "{9E9C2E72-BDB2-4365-BF05-795B8D1F52BF}"
EndProject
Project("{FAE04EC0-301F-11D3-BF4B-00C04F79EFBC}") = "Geckon.Octopus.Data", "src\app\Geckon.Octopus.Data\Geckon.Octopus.Data.csproj", "{9B61180A-E9DC-419D-8197-8DFA5EA4376F}"
EndProject
Project("{FAE04EC0-301F-11D3-BF4B-00C04F79EFBC}") = "Geckon.Octopus.Agent.Interface", "src\app\Geckon.Octopus.Agent.Interface\Geckon.Octopus.Agent.Interface.csproj", "{463F1ADD-C231-4F95-9685-85B16312C237}"
EndProject
Project("{FAE04EC0-301F-11D3-BF4B-00C04F79EFBC}") = "Geckon.Octopus.Controller.Interface", "src\app\Geckon.Octopus.Controller.Interface\Geckon.Octopus.Controller.Interface.csproj", "{4BC995AE-8FAC-4981-978C-5410180B5D6E}"
EndProject
Project("{FAE04EC0-301F-11D3-BF4B-00C04F79EFBC}") = "Geckon.Octopus.Plugin.Interface", "src\app\Geckon.Octopus.Plugin.Interface\Geckon.Octopus.Plugin.Interface.csproj", "{AA5ADA8A-42CA-49FE-920C-94284FA4A515}"
EndProject
Project("{FAE04EC0-301F-11D3-BF4B-00C04F79EFBC}") = "Geckon.Octopus.Controller.Core", "src\app\Geckon.Octopus.Controller.Core\Geckon.Octopus.Controller.Core.csproj", "{B071D2AA-19A7-45AF-8962-651E5229920A}"
EndProject
Project("{FAE04EC0-301F-11D3-BF4B-00C04F79EFBC}") = "Geckon.Octopus.Controller.Service", "src\app\Geckon.Octopus.Controller.Service\Geckon.Octopus.Controller.Service.csproj", "{4209DFA8-30AE-4E72-8053-4D4ACFF8A38C}"
EndProject
Project("{FAE04EC0-301F-11D3-BF4B-00C04F79EFBC}") = "Geckon.Octopus.Agent.Service", "src\app\Geckon.Octopus.Agent.Service\Geckon.Octopus.Agent.Service.csproj", "{53637273-3591-453E-BCD1-47D647A5B0FA}"
EndProject
Project("{FAE04EC0-301F-11D3-BF4B-00C04F79EFBC}") = "Geckon.Octopus.Agent.Core", "src\app\Geckon.Octopus.Agent.Core\Geckon.Octopus.Agent.Core.csproj", "{ED1A5103-38CB-4BB6-A0B9-17B5830E530C}"
EndProject
Project("{FAE04EC0-301F-11D3-BF4B-00C04F79EFBC}") = "Geckon.Octopus.Data.Test", "src\test\Geckon.Octopus.Data.Test\Geckon.Octopus.Data.Test.csproj", "{736A9AEB-DF9C-4D1F-90D5-2A4F2C4FF3AF}"
EndProject
Project("{FAE04EC0-301F-11D3-BF4B-00C04F79EFBC}") = "Geckon.Octopus.Agent.Core.Test", "src\test\Geckon.Octopus.Agent.Core.Test\Geckon.Octopus.Agent.Core.Test.csproj", "{7B2712CD-75FB-47A0-82EF-84C3CDE33A10}"
EndProject
Project("{FAE04EC0-301F-11D3-BF4B-00C04F79EFBC}") = "Geckon.Octopus.TestUtilities", "src\test\Geckon.Octopus.TestUtilities\Geckon.Octopus.TestUtilities.csproj", "{122D3021-8062-4815-A4A0-4DEA8EDBDB32}"
EndProject
Project("{FAE04EC0-301F-11D3-BF4B-00C04F79EFBC}") = "Geckon.Octopus.Data.Interface", "src\app\Geckon.Octopus.Data.Interface\Geckon.Octopus.Data.Interface.csproj", "{EEDA820E-03C9-4494-A950-AFD5EAC81B92}"
EndProject
Project("{FAE04EC0-301F-11D3-BF4B-00C04F79EFBC}") = "Geckon.Octopus.Plugins.FilePlugins.Test", "src\test\plugins\Geckon.Octopus.Plugins.FilePlugins.Test\Geckon.Octopus.Plugins.FilePlugins.Test.csproj", "{207803F8-3268-49C6-B40D-24B74D42F5E4}"
EndProject
Project("{FAE04EC0-301F-11D3-BF4B-00C04F79EFBC}") = "Geckon.Octopus.Plugins.BasePlugins", "src\app\plugins\Geckon.Octopus.Plugins.BasePlugins\Geckon.Octopus.Plugins.BasePlugins.csproj", "{76E1F3F1-CF62-4FF9-A5DB-19F54012BA15}"
EndProject
Project("{FAE04EC0-301F-11D3-BF4B-00C04F79EFBC}") = "Geckon.Octopus.Plugin.Core", "src\app\Geckon.Octopus.Plugin.Core\Geckon.Octopus.Plugin.Core.csproj", "{6F92F17A-522C-4AAA-B0F7-F5E3E12BA47C}"
EndProject
Project("{FAE04EC0-301F-11D3-BF4B-00C04F79EFBC}") = "Geckon.Octopus.Controller.Core.Test", "src\test\Geckon.Octopus.Controller.Core.Test\Geckon.Octopus.Controller.Core.Test.csproj", "{249CC06E-0CEF-414C-B0CB-21C1F357468F}"
EndProject
Project("{FAE04EC0-301F-11D3-BF4B-00C04F79EFBC}") = "Geckon.Octopus.Plugins.FilePlugins", "src\app\plugins\Geckon.Octopus.Plugins.FilePlugins\Geckon.Octopus.Plugins.FilePlugins.csproj", "{00C1804E-D1E1-4FB8-BB96-61F09CCFB9BB}"
EndProject
Project("{FAE04EC0-301F-11D3-BF4B-00C04F79EFBC}") = "Geckon.Octopus.Plugins.Transcoding.Carbon", "src\app\plugins\Geckon.Octopus.Plugins.Transcoding.Carbon\Geckon.Octopus.Plugins.Transcoding.Carbon.csproj", "{4B67291B-E223-4614-9804-EE49E5537BAF}"
EndProject
Project("{FAE04EC0-301F-11D3-BF4B-00C04F79EFBC}") = "Geckon.Octopus.Plugins.Transcoding.Image", "src\app\plugins\Geckon.Octopus.Plugins.Transcoding.Image\Geckon.Octopus.Plugins.Transcoding.Image.csproj", "{0C46FA68-DEF7-4530-AECF-97B382B5CDF3}"
EndProject
Project("{FAE04EC0-301F-11D3-BF4B-00C04F79EFBC}") = "Geckon.Octopus.Plugins.Transcoding.Carbon.Test", "src\test\plugins\Geckon.Octopus.Plugins.Transcoding.Carbon.Test\Geckon.Octopus.Plugins.Transcoding.Carbon.Test.csproj", "{53CD8E3D-8850-4161-A934-BBD66074E325}"
EndProject
Project("{FAE04EC0-301F-11D3-BF4B-00C04F79EFBC}") = "Geckon.Octopus.Plugins.Transcoding.Image.Test", "src\test\plugins\Geckon.Octopus.Plugins.Transcoding.Image.Test\Geckon.Octopus.Plugins.Transcoding.Image.Test.csproj", "{4B545C65-2F2F-4B83-A3F0-3B9C2B12ECD3}"
EndProject
Project("{FAE04EC0-301F-11D3-BF4B-00C04F79EFBC}") = "Geckon.Octopus.Core.Exceptions", "src\app\Geckon.Octopus.Core.Exceptions\Geckon.Octopus.Core.Exceptions.csproj", "{D9590EB3-60E7-4DFB-A366-B75A19C3A09A}"
EndProject
Project("{FAE04EC0-301F-11D3-BF4B-00C04F79EFBC}") = "Geckon.Octopus.Plugins.Transcoding.FFmpeg", "src\app\plugins\Geckon.Octopus.Plugins.Transcoding.FFmpeg\Geckon.Octopus.Plugins.Transcoding.FFmpeg.csproj", "{AEEDEB7A-799D-4493-9AC8-D192742AA31D}"
EndProject
Project("{FAE04EC0-301F-11D3-BF4B-00C04F79EFBC}") = "Geckon.Octopus.Plugins.Transcoding.FFmpeg.Test", "src\test\plugins\Geckon.Octopus.Plugins.Transcoding.FFmpeg.Test\Geckon.Octopus.Plugins.Transcoding.FFmpeg.Test.csproj", "{247B0846-C3A5-44DD-A636-9F178B898213}"
EndProject
Project("{FAE04EC0-301F-11D3-BF4B-00C04F79EFBC}") = "Geckon.Octopus.UI.Console", "src\app\Geckon.Octopus.UI.Console\Geckon.Octopus.UI.Console.csproj", "{E6D85224-ADA4-48A6-9FD4-156425345616}"
EndProject
Project("{FAE04EC0-301F-11D3-BF4B-00C04F79EFBC}") = "Geckon.Octopus.Controller.Service.Test", "src\test\Geckon.Octopus.Controller.Service.Test\Geckon.Octopus.Controller.Service.Test.csproj", "{95254F71-277C-482D-B2B2-0A9561B29EEC}"
	ProjectSection(ProjectDependencies) = postProject
		{4209DFA8-30AE-4E72-8053-4D4ACFF8A38C} = {4209DFA8-30AE-4E72-8053-4D4ACFF8A38C}
	EndProjectSection
EndProject
Project("{FAE04EC0-301F-11D3-BF4B-00C04F79EFBC}") = "Geckon.Octopus.Controller.Service.Windows", "src\app\Geckon.Octopus.Controller.Service.Windows\Geckon.Octopus.Controller.Service.Windows.csproj", "{A1154007-CC4F-41A7-8713-28738F22C696}"
EndProject
Project("{FAE04EC0-301F-11D3-BF4B-00C04F79EFBC}") = "Geckon.Octopus.Core.Logging", "src\app\Geckon.Octopus.Core.Logging\Geckon.Octopus.Core.Logging.csproj", "{355E404B-AFEC-4239-B26B-3B20C0DD6204}"
EndProject
Project("{FAE04EC0-301F-11D3-BF4B-00C04F79EFBC}") = "Geckon.Octopus.Agent.Service.Test", "src\test\Geckon.Octopus.Agent.Service.Test\Geckon.Octopus.Agent.Service.Test.csproj", "{3469197D-7B0D-49DA-888A-7B547C582775}"
EndProject
Project("{FAE04EC0-301F-11D3-BF4B-00C04F79EFBC}") = "Geckon.Octopus.Controller.Web", "src\app\Geckon.Octopus.Controller.Web\Geckon.Octopus.Controller.Web.csproj", "{D08C3A69-8D98-4046-B53A-C7ABFC0ACD0F}"
EndProject
Project("{FAE04EC0-301F-11D3-BF4B-00C04F79EFBC}") = "Geckon.Octopus.Plugins.Transcoding.HTML", "src\app\plugins\Geckon.Octopus.Plugins.Transcoding.HTML\Geckon.Octopus.Plugins.Transcoding.HTML.csproj", "{8EF50632-22C7-45CF-8932-EE3F33E8F334}"
EndProject
Project("{FAE04EC0-301F-11D3-BF4B-00C04F79EFBC}") = "Geckon.Octopus.Plugins.Transcoding.HTML.Test", "src\test\Geckon.Octopus.Plugins.Transcoding.HTML.Test\Geckon.Octopus.Plugins.Transcoding.HTML.Test.csproj", "{0950AFE9-4440-452A-AEC7-A2BA034CD900}"
EndProject
Project("{FAE04EC0-301F-11D3-BF4B-00C04F79EFBC}") = "Geckon.Octopus.Controller.API", "src\app\Geckon.Octopus.Controller.API\Geckon.Octopus.Controller.API.csproj", "{A5AE96EE-08A5-4CFD-8B7C-C8E0EC22F497}"
EndProject
Project("{FAE04EC0-301F-11D3-BF4B-00C04F79EFBC}") = "Geckon.Octopus.Plugins.Net.HttpRequest", "src\app\plugins\Geckon.Octopus.Plugins.Net.HttpRequest\Geckon.Octopus.Plugins.Net.HttpRequest.csproj", "{EAF9ACF4-F614-4C99-9367-0E7BE33E6814}"
EndProject
Project("{FAE04EC0-301F-11D3-BF4B-00C04F79EFBC}") = "Geckon.Octopus.Net.HttpRequest.Test", "src\test\plugins\Geckon.Octopus.Net.HttpRequest.Test\Geckon.Octopus.Net.HttpRequest.Test.csproj", "{57DC8760-250F-4D03-BFFA-AC2BE8902997}"
EndProject
Project("{FAE04EC0-301F-11D3-BF4B-00C04F79EFBC}") = "Geckon.Octopus.Controller.API.Test", "src\test\Geckon.Octopus.Controller.API.Test\Geckon.Octopus.Controller.API.Test.csproj", "{1CE51BC1-E95D-4E84-90F7-DB36C81450E2}"
EndProject
Project("{FAE04EC0-301F-11D3-BF4B-00C04F79EFBC}") = "Geckon.Octopus.Plugins.AWS.S3.Test", "src\test\plugins\Geckon.Octopus.Plugins.AWS.S3.Test\Geckon.Octopus.Plugins.AWS.S3.Test.csproj", "{3035A7B9-1FC5-4125-9992-C1F5037A4626}"
EndProject
Project("{FAE04EC0-301F-11D3-BF4B-00C04F79EFBC}") = "Geckon.Octopus.Plugins.AWS.S3", "src\app\plugins\Geckon.Octopus.Plugins.AWS.S3\Geckon.Octopus.Plugins.AWS.S3.csproj", "{F0794CFC-182F-4B95-995F-D0D4B2917BD6}"
EndProject
Project("{FAE04EC0-301F-11D3-BF4B-00C04F79EFBC}") = "Geckon.Octopus.Plugins.Conversion.Indexing", "src\app\plugins\Geckon.Octopus.Plugins.Conversion.Indexing\Geckon.Octopus.Plugins.Conversion.Indexing.csproj", "{55B1F9D3-49F6-4951-A2C4-2D27B5A4610E}"
EndProject
Project("{FAE04EC0-301F-11D3-BF4B-00C04F79EFBC}") = "Geckon.Octopus.Plugins.Conversion.Indexing.Tes", "src\test\plugins\Geckon.Octopus.Plugins.Conversion.Indexing.Tes\Geckon.Octopus.Plugins.Conversion.Indexing.Tes.csproj", "{B13B1365-AB50-4C70-9DFA-6C44FBE1ABAB}"
EndProject
Project("{FAE04EC0-301F-11D3-BF4B-00C04F79EFBC}") = "Geckon.Octopus.Plugins.Transcoding.Zencoder.Test", "src\test\plugins\Geckon.Octopus.Plugins.Transcoding.Zencoder.Test\Geckon.Octopus.Plugins.Transcoding.Zencoder.Test.csproj", "{D94DBF0E-0CEC-4E3A-BE1F-138F2A52D66A}"
EndProject
Project("{FAE04EC0-301F-11D3-BF4B-00C04F79EFBC}") = "CHAOS.Octopus.Plugins.Transcoding.Zencoder", "src\app\plugins\CHAOS.Octopus.Plugins.Transcoding.Zencoder\CHAOS.Octopus.Plugins.Transcoding.Zencoder.csproj", "{FD274FD0-9933-4C1C-9BF8-F8BFC3954799}"
EndProject
Global
	GlobalSection(SolutionConfigurationPlatforms) = preSolution
		Debug|.NET = Debug|.NET
		Debug|Any CPU = Debug|Any CPU
		Debug|Mixed Platforms = Debug|Mixed Platforms
		Debug|x86 = Debug|x86
		Release|.NET = Release|.NET
		Release|Any CPU = Release|Any CPU
		Release|Mixed Platforms = Release|Mixed Platforms
		Release|x86 = Release|x86
	EndGlobalSection
	GlobalSection(ProjectConfigurationPlatforms) = postSolution
		{9E9C2E72-BDB2-4365-BF05-795B8D1F52BF}.Debug|.NET.ActiveCfg = Debug|Any CPU
		{9E9C2E72-BDB2-4365-BF05-795B8D1F52BF}.Debug|.NET.Build.0 = Debug|Any CPU
		{9E9C2E72-BDB2-4365-BF05-795B8D1F52BF}.Debug|Any CPU.ActiveCfg = Debug|Any CPU
		{9E9C2E72-BDB2-4365-BF05-795B8D1F52BF}.Debug|Any CPU.Build.0 = Debug|Any CPU
		{9E9C2E72-BDB2-4365-BF05-795B8D1F52BF}.Debug|Mixed Platforms.ActiveCfg = Debug|Any CPU
		{9E9C2E72-BDB2-4365-BF05-795B8D1F52BF}.Debug|Mixed Platforms.Build.0 = Debug|Any CPU
		{9E9C2E72-BDB2-4365-BF05-795B8D1F52BF}.Debug|x86.ActiveCfg = Debug|Any CPU
		{9E9C2E72-BDB2-4365-BF05-795B8D1F52BF}.Release|.NET.ActiveCfg = Release|Any CPU
		{9E9C2E72-BDB2-4365-BF05-795B8D1F52BF}.Release|Any CPU.ActiveCfg = Release|Any CPU
		{9E9C2E72-BDB2-4365-BF05-795B8D1F52BF}.Release|Any CPU.Build.0 = Release|Any CPU
		{9E9C2E72-BDB2-4365-BF05-795B8D1F52BF}.Release|Mixed Platforms.ActiveCfg = Release|Any CPU
		{9E9C2E72-BDB2-4365-BF05-795B8D1F52BF}.Release|Mixed Platforms.Build.0 = Release|Any CPU
		{9E9C2E72-BDB2-4365-BF05-795B8D1F52BF}.Release|x86.ActiveCfg = Release|Any CPU
		{9B61180A-E9DC-419D-8197-8DFA5EA4376F}.Debug|.NET.ActiveCfg = Debug|Any CPU
		{9B61180A-E9DC-419D-8197-8DFA5EA4376F}.Debug|Any CPU.ActiveCfg = Debug|Any CPU
		{9B61180A-E9DC-419D-8197-8DFA5EA4376F}.Debug|Any CPU.Build.0 = Debug|Any CPU
		{9B61180A-E9DC-419D-8197-8DFA5EA4376F}.Debug|Mixed Platforms.ActiveCfg = Debug|Any CPU
		{9B61180A-E9DC-419D-8197-8DFA5EA4376F}.Debug|Mixed Platforms.Build.0 = Debug|Any CPU
		{9B61180A-E9DC-419D-8197-8DFA5EA4376F}.Debug|x86.ActiveCfg = Debug|Any CPU
		{9B61180A-E9DC-419D-8197-8DFA5EA4376F}.Release|.NET.ActiveCfg = Release|Any CPU
		{9B61180A-E9DC-419D-8197-8DFA5EA4376F}.Release|Any CPU.ActiveCfg = Release|Any CPU
		{9B61180A-E9DC-419D-8197-8DFA5EA4376F}.Release|Any CPU.Build.0 = Release|Any CPU
		{9B61180A-E9DC-419D-8197-8DFA5EA4376F}.Release|Mixed Platforms.ActiveCfg = Release|Any CPU
		{9B61180A-E9DC-419D-8197-8DFA5EA4376F}.Release|Mixed Platforms.Build.0 = Release|Any CPU
		{9B61180A-E9DC-419D-8197-8DFA5EA4376F}.Release|x86.ActiveCfg = Release|Any CPU
		{463F1ADD-C231-4F95-9685-85B16312C237}.Debug|.NET.ActiveCfg = Debug|Any CPU
		{463F1ADD-C231-4F95-9685-85B16312C237}.Debug|Any CPU.ActiveCfg = Debug|Any CPU
		{463F1ADD-C231-4F95-9685-85B16312C237}.Debug|Any CPU.Build.0 = Debug|Any CPU
		{463F1ADD-C231-4F95-9685-85B16312C237}.Debug|Mixed Platforms.ActiveCfg = Debug|Any CPU
		{463F1ADD-C231-4F95-9685-85B16312C237}.Debug|Mixed Platforms.Build.0 = Debug|Any CPU
		{463F1ADD-C231-4F95-9685-85B16312C237}.Debug|x86.ActiveCfg = Debug|Any CPU
		{463F1ADD-C231-4F95-9685-85B16312C237}.Release|.NET.ActiveCfg = Release|Any CPU
		{463F1ADD-C231-4F95-9685-85B16312C237}.Release|Any CPU.ActiveCfg = Release|Any CPU
		{463F1ADD-C231-4F95-9685-85B16312C237}.Release|Any CPU.Build.0 = Release|Any CPU
		{463F1ADD-C231-4F95-9685-85B16312C237}.Release|Mixed Platforms.ActiveCfg = Release|Any CPU
		{463F1ADD-C231-4F95-9685-85B16312C237}.Release|Mixed Platforms.Build.0 = Release|Any CPU
		{463F1ADD-C231-4F95-9685-85B16312C237}.Release|x86.ActiveCfg = Release|Any CPU
		{4BC995AE-8FAC-4981-978C-5410180B5D6E}.Debug|.NET.ActiveCfg = Debug|Any CPU
		{4BC995AE-8FAC-4981-978C-5410180B5D6E}.Debug|Any CPU.ActiveCfg = Debug|Any CPU
		{4BC995AE-8FAC-4981-978C-5410180B5D6E}.Debug|Any CPU.Build.0 = Debug|Any CPU
		{4BC995AE-8FAC-4981-978C-5410180B5D6E}.Debug|Mixed Platforms.ActiveCfg = Debug|Any CPU
		{4BC995AE-8FAC-4981-978C-5410180B5D6E}.Debug|Mixed Platforms.Build.0 = Debug|Any CPU
		{4BC995AE-8FAC-4981-978C-5410180B5D6E}.Debug|x86.ActiveCfg = Debug|Any CPU
		{4BC995AE-8FAC-4981-978C-5410180B5D6E}.Release|.NET.ActiveCfg = Release|Any CPU
		{4BC995AE-8FAC-4981-978C-5410180B5D6E}.Release|Any CPU.ActiveCfg = Release|Any CPU
		{4BC995AE-8FAC-4981-978C-5410180B5D6E}.Release|Any CPU.Build.0 = Release|Any CPU
		{4BC995AE-8FAC-4981-978C-5410180B5D6E}.Release|Mixed Platforms.ActiveCfg = Release|Any CPU
		{4BC995AE-8FAC-4981-978C-5410180B5D6E}.Release|Mixed Platforms.Build.0 = Release|Any CPU
		{4BC995AE-8FAC-4981-978C-5410180B5D6E}.Release|x86.ActiveCfg = Release|Any CPU
		{AA5ADA8A-42CA-49FE-920C-94284FA4A515}.Debug|.NET.ActiveCfg = Debug|Any CPU
		{AA5ADA8A-42CA-49FE-920C-94284FA4A515}.Debug|Any CPU.ActiveCfg = Debug|Any CPU
		{AA5ADA8A-42CA-49FE-920C-94284FA4A515}.Debug|Any CPU.Build.0 = Debug|Any CPU
		{AA5ADA8A-42CA-49FE-920C-94284FA4A515}.Debug|Mixed Platforms.ActiveCfg = Debug|Any CPU
		{AA5ADA8A-42CA-49FE-920C-94284FA4A515}.Debug|Mixed Platforms.Build.0 = Debug|Any CPU
		{AA5ADA8A-42CA-49FE-920C-94284FA4A515}.Debug|x86.ActiveCfg = Debug|Any CPU
		{AA5ADA8A-42CA-49FE-920C-94284FA4A515}.Release|.NET.ActiveCfg = Release|Any CPU
		{AA5ADA8A-42CA-49FE-920C-94284FA4A515}.Release|Any CPU.ActiveCfg = Release|Any CPU
		{AA5ADA8A-42CA-49FE-920C-94284FA4A515}.Release|Any CPU.Build.0 = Release|Any CPU
		{AA5ADA8A-42CA-49FE-920C-94284FA4A515}.Release|Mixed Platforms.ActiveCfg = Release|Any CPU
		{AA5ADA8A-42CA-49FE-920C-94284FA4A515}.Release|Mixed Platforms.Build.0 = Release|Any CPU
		{AA5ADA8A-42CA-49FE-920C-94284FA4A515}.Release|x86.ActiveCfg = Release|Any CPU
		{B071D2AA-19A7-45AF-8962-651E5229920A}.Debug|.NET.ActiveCfg = Debug|Any CPU
		{B071D2AA-19A7-45AF-8962-651E5229920A}.Debug|Any CPU.ActiveCfg = Debug|Any CPU
		{B071D2AA-19A7-45AF-8962-651E5229920A}.Debug|Any CPU.Build.0 = Debug|Any CPU
		{B071D2AA-19A7-45AF-8962-651E5229920A}.Debug|Mixed Platforms.ActiveCfg = Debug|Any CPU
		{B071D2AA-19A7-45AF-8962-651E5229920A}.Debug|Mixed Platforms.Build.0 = Debug|Any CPU
		{B071D2AA-19A7-45AF-8962-651E5229920A}.Debug|x86.ActiveCfg = Debug|Any CPU
		{B071D2AA-19A7-45AF-8962-651E5229920A}.Release|.NET.ActiveCfg = Release|Any CPU
		{B071D2AA-19A7-45AF-8962-651E5229920A}.Release|Any CPU.ActiveCfg = Release|Any CPU
		{B071D2AA-19A7-45AF-8962-651E5229920A}.Release|Any CPU.Build.0 = Release|Any CPU
		{B071D2AA-19A7-45AF-8962-651E5229920A}.Release|Mixed Platforms.ActiveCfg = Release|Any CPU
		{B071D2AA-19A7-45AF-8962-651E5229920A}.Release|Mixed Platforms.Build.0 = Release|Any CPU
		{B071D2AA-19A7-45AF-8962-651E5229920A}.Release|x86.ActiveCfg = Release|Any CPU
		{4209DFA8-30AE-4E72-8053-4D4ACFF8A38C}.Debug|.NET.ActiveCfg = Debug|Any CPU
		{4209DFA8-30AE-4E72-8053-4D4ACFF8A38C}.Debug|Any CPU.ActiveCfg = Debug|Any CPU
		{4209DFA8-30AE-4E72-8053-4D4ACFF8A38C}.Debug|Any CPU.Build.0 = Debug|Any CPU
		{4209DFA8-30AE-4E72-8053-4D4ACFF8A38C}.Debug|Mixed Platforms.ActiveCfg = Debug|Any CPU
		{4209DFA8-30AE-4E72-8053-4D4ACFF8A38C}.Debug|Mixed Platforms.Build.0 = Debug|Any CPU
		{4209DFA8-30AE-4E72-8053-4D4ACFF8A38C}.Debug|x86.ActiveCfg = Debug|Any CPU
		{4209DFA8-30AE-4E72-8053-4D4ACFF8A38C}.Release|.NET.ActiveCfg = Release|Any CPU
		{4209DFA8-30AE-4E72-8053-4D4ACFF8A38C}.Release|Any CPU.ActiveCfg = Release|Any CPU
		{4209DFA8-30AE-4E72-8053-4D4ACFF8A38C}.Release|Any CPU.Build.0 = Release|Any CPU
		{4209DFA8-30AE-4E72-8053-4D4ACFF8A38C}.Release|Mixed Platforms.ActiveCfg = Release|Any CPU
		{4209DFA8-30AE-4E72-8053-4D4ACFF8A38C}.Release|Mixed Platforms.Build.0 = Release|Any CPU
		{4209DFA8-30AE-4E72-8053-4D4ACFF8A38C}.Release|x86.ActiveCfg = Release|Any CPU
		{53637273-3591-453E-BCD1-47D647A5B0FA}.Debug|.NET.ActiveCfg = Debug|Any CPU
		{53637273-3591-453E-BCD1-47D647A5B0FA}.Debug|Any CPU.ActiveCfg = Debug|Any CPU
		{53637273-3591-453E-BCD1-47D647A5B0FA}.Debug|Any CPU.Build.0 = Debug|Any CPU
		{53637273-3591-453E-BCD1-47D647A5B0FA}.Debug|Mixed Platforms.ActiveCfg = Debug|Any CPU
		{53637273-3591-453E-BCD1-47D647A5B0FA}.Debug|Mixed Platforms.Build.0 = Debug|Any CPU
		{53637273-3591-453E-BCD1-47D647A5B0FA}.Debug|x86.ActiveCfg = Debug|Any CPU
		{53637273-3591-453E-BCD1-47D647A5B0FA}.Release|.NET.ActiveCfg = Release|Any CPU
		{53637273-3591-453E-BCD1-47D647A5B0FA}.Release|Any CPU.ActiveCfg = Release|Any CPU
		{53637273-3591-453E-BCD1-47D647A5B0FA}.Release|Any CPU.Build.0 = Release|Any CPU
		{53637273-3591-453E-BCD1-47D647A5B0FA}.Release|Mixed Platforms.ActiveCfg = Release|Any CPU
		{53637273-3591-453E-BCD1-47D647A5B0FA}.Release|Mixed Platforms.Build.0 = Release|Any CPU
		{53637273-3591-453E-BCD1-47D647A5B0FA}.Release|x86.ActiveCfg = Release|Any CPU
		{ED1A5103-38CB-4BB6-A0B9-17B5830E530C}.Debug|.NET.ActiveCfg = Debug|Any CPU
		{ED1A5103-38CB-4BB6-A0B9-17B5830E530C}.Debug|Any CPU.ActiveCfg = Debug|Any CPU
		{ED1A5103-38CB-4BB6-A0B9-17B5830E530C}.Debug|Any CPU.Build.0 = Debug|Any CPU
		{ED1A5103-38CB-4BB6-A0B9-17B5830E530C}.Debug|Mixed Platforms.ActiveCfg = Debug|Any CPU
		{ED1A5103-38CB-4BB6-A0B9-17B5830E530C}.Debug|Mixed Platforms.Build.0 = Debug|Any CPU
		{ED1A5103-38CB-4BB6-A0B9-17B5830E530C}.Debug|x86.ActiveCfg = Debug|Any CPU
		{ED1A5103-38CB-4BB6-A0B9-17B5830E530C}.Release|.NET.ActiveCfg = Release|Any CPU
		{ED1A5103-38CB-4BB6-A0B9-17B5830E530C}.Release|Any CPU.ActiveCfg = Release|Any CPU
		{ED1A5103-38CB-4BB6-A0B9-17B5830E530C}.Release|Any CPU.Build.0 = Release|Any CPU
		{ED1A5103-38CB-4BB6-A0B9-17B5830E530C}.Release|Mixed Platforms.ActiveCfg = Release|Any CPU
		{ED1A5103-38CB-4BB6-A0B9-17B5830E530C}.Release|Mixed Platforms.Build.0 = Release|Any CPU
		{ED1A5103-38CB-4BB6-A0B9-17B5830E530C}.Release|x86.ActiveCfg = Release|Any CPU
		{736A9AEB-DF9C-4D1F-90D5-2A4F2C4FF3AF}.Debug|.NET.ActiveCfg = Debug|Any CPU
		{736A9AEB-DF9C-4D1F-90D5-2A4F2C4FF3AF}.Debug|Any CPU.ActiveCfg = Debug|Any CPU
		{736A9AEB-DF9C-4D1F-90D5-2A4F2C4FF3AF}.Debug|Any CPU.Build.0 = Debug|Any CPU
		{736A9AEB-DF9C-4D1F-90D5-2A4F2C4FF3AF}.Debug|Mixed Platforms.ActiveCfg = Debug|Any CPU
		{736A9AEB-DF9C-4D1F-90D5-2A4F2C4FF3AF}.Debug|Mixed Platforms.Build.0 = Debug|Any CPU
		{736A9AEB-DF9C-4D1F-90D5-2A4F2C4FF3AF}.Debug|x86.ActiveCfg = Debug|Any CPU
		{736A9AEB-DF9C-4D1F-90D5-2A4F2C4FF3AF}.Release|.NET.ActiveCfg = Release|Any CPU
		{736A9AEB-DF9C-4D1F-90D5-2A4F2C4FF3AF}.Release|Any CPU.ActiveCfg = Release|Any CPU
		{736A9AEB-DF9C-4D1F-90D5-2A4F2C4FF3AF}.Release|Any CPU.Build.0 = Release|Any CPU
		{736A9AEB-DF9C-4D1F-90D5-2A4F2C4FF3AF}.Release|Mixed Platforms.ActiveCfg = Release|Any CPU
		{736A9AEB-DF9C-4D1F-90D5-2A4F2C4FF3AF}.Release|Mixed Platforms.Build.0 = Release|Any CPU
		{736A9AEB-DF9C-4D1F-90D5-2A4F2C4FF3AF}.Release|x86.ActiveCfg = Release|Any CPU
		{7B2712CD-75FB-47A0-82EF-84C3CDE33A10}.Debug|.NET.ActiveCfg = Debug|Any CPU
		{7B2712CD-75FB-47A0-82EF-84C3CDE33A10}.Debug|Any CPU.ActiveCfg = Debug|Any CPU
		{7B2712CD-75FB-47A0-82EF-84C3CDE33A10}.Debug|Any CPU.Build.0 = Debug|Any CPU
		{7B2712CD-75FB-47A0-82EF-84C3CDE33A10}.Debug|Mixed Platforms.ActiveCfg = Debug|Any CPU
		{7B2712CD-75FB-47A0-82EF-84C3CDE33A10}.Debug|Mixed Platforms.Build.0 = Debug|Any CPU
		{7B2712CD-75FB-47A0-82EF-84C3CDE33A10}.Debug|x86.ActiveCfg = Debug|Any CPU
		{7B2712CD-75FB-47A0-82EF-84C3CDE33A10}.Release|.NET.ActiveCfg = Release|Any CPU
		{7B2712CD-75FB-47A0-82EF-84C3CDE33A10}.Release|Any CPU.ActiveCfg = Release|Any CPU
		{7B2712CD-75FB-47A0-82EF-84C3CDE33A10}.Release|Any CPU.Build.0 = Release|Any CPU
		{7B2712CD-75FB-47A0-82EF-84C3CDE33A10}.Release|Mixed Platforms.ActiveCfg = Release|Any CPU
		{7B2712CD-75FB-47A0-82EF-84C3CDE33A10}.Release|Mixed Platforms.Build.0 = Release|Any CPU
		{7B2712CD-75FB-47A0-82EF-84C3CDE33A10}.Release|x86.ActiveCfg = Release|Any CPU
		{122D3021-8062-4815-A4A0-4DEA8EDBDB32}.Debug|.NET.ActiveCfg = Debug|Any CPU
		{122D3021-8062-4815-A4A0-4DEA8EDBDB32}.Debug|Any CPU.ActiveCfg = Debug|Any CPU
		{122D3021-8062-4815-A4A0-4DEA8EDBDB32}.Debug|Any CPU.Build.0 = Debug|Any CPU
		{122D3021-8062-4815-A4A0-4DEA8EDBDB32}.Debug|Mixed Platforms.ActiveCfg = Debug|Any CPU
		{122D3021-8062-4815-A4A0-4DEA8EDBDB32}.Debug|Mixed Platforms.Build.0 = Debug|Any CPU
		{122D3021-8062-4815-A4A0-4DEA8EDBDB32}.Debug|x86.ActiveCfg = Debug|Any CPU
		{122D3021-8062-4815-A4A0-4DEA8EDBDB32}.Release|.NET.ActiveCfg = Release|Any CPU
		{122D3021-8062-4815-A4A0-4DEA8EDBDB32}.Release|Any CPU.ActiveCfg = Release|Any CPU
		{122D3021-8062-4815-A4A0-4DEA8EDBDB32}.Release|Any CPU.Build.0 = Release|Any CPU
		{122D3021-8062-4815-A4A0-4DEA8EDBDB32}.Release|Mixed Platforms.ActiveCfg = Release|Any CPU
		{122D3021-8062-4815-A4A0-4DEA8EDBDB32}.Release|Mixed Platforms.Build.0 = Release|Any CPU
		{122D3021-8062-4815-A4A0-4DEA8EDBDB32}.Release|x86.ActiveCfg = Release|Any CPU
		{EEDA820E-03C9-4494-A950-AFD5EAC81B92}.Debug|.NET.ActiveCfg = Debug|Any CPU
		{EEDA820E-03C9-4494-A950-AFD5EAC81B92}.Debug|Any CPU.ActiveCfg = Debug|Any CPU
		{EEDA820E-03C9-4494-A950-AFD5EAC81B92}.Debug|Any CPU.Build.0 = Debug|Any CPU
		{EEDA820E-03C9-4494-A950-AFD5EAC81B92}.Debug|Mixed Platforms.ActiveCfg = Debug|Any CPU
		{EEDA820E-03C9-4494-A950-AFD5EAC81B92}.Debug|Mixed Platforms.Build.0 = Debug|Any CPU
		{EEDA820E-03C9-4494-A950-AFD5EAC81B92}.Debug|x86.ActiveCfg = Debug|Any CPU
		{EEDA820E-03C9-4494-A950-AFD5EAC81B92}.Release|.NET.ActiveCfg = Release|Any CPU
		{EEDA820E-03C9-4494-A950-AFD5EAC81B92}.Release|Any CPU.ActiveCfg = Release|Any CPU
		{EEDA820E-03C9-4494-A950-AFD5EAC81B92}.Release|Any CPU.Build.0 = Release|Any CPU
		{EEDA820E-03C9-4494-A950-AFD5EAC81B92}.Release|Mixed Platforms.ActiveCfg = Release|Any CPU
		{EEDA820E-03C9-4494-A950-AFD5EAC81B92}.Release|Mixed Platforms.Build.0 = Release|Any CPU
		{EEDA820E-03C9-4494-A950-AFD5EAC81B92}.Release|x86.ActiveCfg = Release|Any CPU
		{207803F8-3268-49C6-B40D-24B74D42F5E4}.Debug|.NET.ActiveCfg = Debug|Any CPU
		{207803F8-3268-49C6-B40D-24B74D42F5E4}.Debug|Any CPU.ActiveCfg = Debug|Any CPU
		{207803F8-3268-49C6-B40D-24B74D42F5E4}.Debug|Any CPU.Build.0 = Debug|Any CPU
		{207803F8-3268-49C6-B40D-24B74D42F5E4}.Debug|Mixed Platforms.ActiveCfg = Debug|Any CPU
		{207803F8-3268-49C6-B40D-24B74D42F5E4}.Debug|Mixed Platforms.Build.0 = Debug|Any CPU
		{207803F8-3268-49C6-B40D-24B74D42F5E4}.Debug|x86.ActiveCfg = Debug|Any CPU
		{207803F8-3268-49C6-B40D-24B74D42F5E4}.Release|.NET.ActiveCfg = Release|Any CPU
		{207803F8-3268-49C6-B40D-24B74D42F5E4}.Release|Any CPU.ActiveCfg = Release|Any CPU
		{207803F8-3268-49C6-B40D-24B74D42F5E4}.Release|Any CPU.Build.0 = Release|Any CPU
		{207803F8-3268-49C6-B40D-24B74D42F5E4}.Release|Mixed Platforms.ActiveCfg = Release|Any CPU
		{207803F8-3268-49C6-B40D-24B74D42F5E4}.Release|Mixed Platforms.Build.0 = Release|Any CPU
		{207803F8-3268-49C6-B40D-24B74D42F5E4}.Release|x86.ActiveCfg = Release|Any CPU
		{76E1F3F1-CF62-4FF9-A5DB-19F54012BA15}.Debug|.NET.ActiveCfg = Debug|Any CPU
		{76E1F3F1-CF62-4FF9-A5DB-19F54012BA15}.Debug|Any CPU.ActiveCfg = Debug|Any CPU
		{76E1F3F1-CF62-4FF9-A5DB-19F54012BA15}.Debug|Any CPU.Build.0 = Debug|Any CPU
		{76E1F3F1-CF62-4FF9-A5DB-19F54012BA15}.Debug|Mixed Platforms.ActiveCfg = Debug|Any CPU
		{76E1F3F1-CF62-4FF9-A5DB-19F54012BA15}.Debug|Mixed Platforms.Build.0 = Debug|Any CPU
		{76E1F3F1-CF62-4FF9-A5DB-19F54012BA15}.Debug|x86.ActiveCfg = Debug|Any CPU
		{76E1F3F1-CF62-4FF9-A5DB-19F54012BA15}.Release|.NET.ActiveCfg = Release|Any CPU
		{76E1F3F1-CF62-4FF9-A5DB-19F54012BA15}.Release|Any CPU.ActiveCfg = Release|Any CPU
		{76E1F3F1-CF62-4FF9-A5DB-19F54012BA15}.Release|Any CPU.Build.0 = Release|Any CPU
		{76E1F3F1-CF62-4FF9-A5DB-19F54012BA15}.Release|Mixed Platforms.ActiveCfg = Release|Any CPU
		{76E1F3F1-CF62-4FF9-A5DB-19F54012BA15}.Release|Mixed Platforms.Build.0 = Release|Any CPU
		{76E1F3F1-CF62-4FF9-A5DB-19F54012BA15}.Release|x86.ActiveCfg = Release|Any CPU
		{6F92F17A-522C-4AAA-B0F7-F5E3E12BA47C}.Debug|.NET.ActiveCfg = Debug|Any CPU
		{6F92F17A-522C-4AAA-B0F7-F5E3E12BA47C}.Debug|Any CPU.ActiveCfg = Debug|Any CPU
		{6F92F17A-522C-4AAA-B0F7-F5E3E12BA47C}.Debug|Any CPU.Build.0 = Debug|Any CPU
		{6F92F17A-522C-4AAA-B0F7-F5E3E12BA47C}.Debug|Mixed Platforms.ActiveCfg = Debug|Any CPU
		{6F92F17A-522C-4AAA-B0F7-F5E3E12BA47C}.Debug|Mixed Platforms.Build.0 = Debug|Any CPU
		{6F92F17A-522C-4AAA-B0F7-F5E3E12BA47C}.Debug|x86.ActiveCfg = Debug|Any CPU
		{6F92F17A-522C-4AAA-B0F7-F5E3E12BA47C}.Release|.NET.ActiveCfg = Release|Any CPU
		{6F92F17A-522C-4AAA-B0F7-F5E3E12BA47C}.Release|Any CPU.ActiveCfg = Release|Any CPU
		{6F92F17A-522C-4AAA-B0F7-F5E3E12BA47C}.Release|Any CPU.Build.0 = Release|Any CPU
		{6F92F17A-522C-4AAA-B0F7-F5E3E12BA47C}.Release|Mixed Platforms.ActiveCfg = Release|Any CPU
		{6F92F17A-522C-4AAA-B0F7-F5E3E12BA47C}.Release|Mixed Platforms.Build.0 = Release|Any CPU
		{6F92F17A-522C-4AAA-B0F7-F5E3E12BA47C}.Release|x86.ActiveCfg = Release|Any CPU
		{249CC06E-0CEF-414C-B0CB-21C1F357468F}.Debug|.NET.ActiveCfg = Debug|Any CPU
		{249CC06E-0CEF-414C-B0CB-21C1F357468F}.Debug|Any CPU.ActiveCfg = Debug|Any CPU
		{249CC06E-0CEF-414C-B0CB-21C1F357468F}.Debug|Any CPU.Build.0 = Debug|Any CPU
		{249CC06E-0CEF-414C-B0CB-21C1F357468F}.Debug|Mixed Platforms.ActiveCfg = Debug|Any CPU
		{249CC06E-0CEF-414C-B0CB-21C1F357468F}.Debug|Mixed Platforms.Build.0 = Debug|Any CPU
		{249CC06E-0CEF-414C-B0CB-21C1F357468F}.Debug|x86.ActiveCfg = Debug|Any CPU
		{249CC06E-0CEF-414C-B0CB-21C1F357468F}.Release|.NET.ActiveCfg = Release|Any CPU
		{249CC06E-0CEF-414C-B0CB-21C1F357468F}.Release|Any CPU.ActiveCfg = Release|Any CPU
		{249CC06E-0CEF-414C-B0CB-21C1F357468F}.Release|Any CPU.Build.0 = Release|Any CPU
		{249CC06E-0CEF-414C-B0CB-21C1F357468F}.Release|Mixed Platforms.ActiveCfg = Release|Any CPU
		{249CC06E-0CEF-414C-B0CB-21C1F357468F}.Release|Mixed Platforms.Build.0 = Release|Any CPU
		{249CC06E-0CEF-414C-B0CB-21C1F357468F}.Release|x86.ActiveCfg = Release|Any CPU
		{00C1804E-D1E1-4FB8-BB96-61F09CCFB9BB}.Debug|.NET.ActiveCfg = Debug|Any CPU
		{00C1804E-D1E1-4FB8-BB96-61F09CCFB9BB}.Debug|Any CPU.ActiveCfg = Debug|Any CPU
		{00C1804E-D1E1-4FB8-BB96-61F09CCFB9BB}.Debug|Any CPU.Build.0 = Debug|Any CPU
		{00C1804E-D1E1-4FB8-BB96-61F09CCFB9BB}.Debug|Mixed Platforms.ActiveCfg = Debug|Any CPU
		{00C1804E-D1E1-4FB8-BB96-61F09CCFB9BB}.Debug|Mixed Platforms.Build.0 = Debug|Any CPU
		{00C1804E-D1E1-4FB8-BB96-61F09CCFB9BB}.Debug|x86.ActiveCfg = Debug|Any CPU
		{00C1804E-D1E1-4FB8-BB96-61F09CCFB9BB}.Release|.NET.ActiveCfg = Release|Any CPU
		{00C1804E-D1E1-4FB8-BB96-61F09CCFB9BB}.Release|Any CPU.ActiveCfg = Release|Any CPU
		{00C1804E-D1E1-4FB8-BB96-61F09CCFB9BB}.Release|Any CPU.Build.0 = Release|Any CPU
		{00C1804E-D1E1-4FB8-BB96-61F09CCFB9BB}.Release|Mixed Platforms.ActiveCfg = Release|Any CPU
		{00C1804E-D1E1-4FB8-BB96-61F09CCFB9BB}.Release|Mixed Platforms.Build.0 = Release|Any CPU
		{00C1804E-D1E1-4FB8-BB96-61F09CCFB9BB}.Release|x86.ActiveCfg = Release|Any CPU
		{4B67291B-E223-4614-9804-EE49E5537BAF}.Debug|.NET.ActiveCfg = Debug|Any CPU
		{4B67291B-E223-4614-9804-EE49E5537BAF}.Debug|Any CPU.ActiveCfg = Debug|Any CPU
		{4B67291B-E223-4614-9804-EE49E5537BAF}.Debug|Any CPU.Build.0 = Debug|Any CPU
		{4B67291B-E223-4614-9804-EE49E5537BAF}.Debug|Mixed Platforms.ActiveCfg = Debug|Any CPU
		{4B67291B-E223-4614-9804-EE49E5537BAF}.Debug|Mixed Platforms.Build.0 = Debug|Any CPU
		{4B67291B-E223-4614-9804-EE49E5537BAF}.Debug|x86.ActiveCfg = Debug|Any CPU
		{4B67291B-E223-4614-9804-EE49E5537BAF}.Release|.NET.ActiveCfg = Release|Any CPU
		{4B67291B-E223-4614-9804-EE49E5537BAF}.Release|Any CPU.ActiveCfg = Release|Any CPU
		{4B67291B-E223-4614-9804-EE49E5537BAF}.Release|Any CPU.Build.0 = Release|Any CPU
		{4B67291B-E223-4614-9804-EE49E5537BAF}.Release|Mixed Platforms.ActiveCfg = Release|Any CPU
		{4B67291B-E223-4614-9804-EE49E5537BAF}.Release|Mixed Platforms.Build.0 = Release|Any CPU
		{4B67291B-E223-4614-9804-EE49E5537BAF}.Release|x86.ActiveCfg = Release|Any CPU
		{0C46FA68-DEF7-4530-AECF-97B382B5CDF3}.Debug|.NET.ActiveCfg = Debug|Any CPU
		{0C46FA68-DEF7-4530-AECF-97B382B5CDF3}.Debug|Any CPU.ActiveCfg = Debug|Any CPU
		{0C46FA68-DEF7-4530-AECF-97B382B5CDF3}.Debug|Any CPU.Build.0 = Debug|Any CPU
		{0C46FA68-DEF7-4530-AECF-97B382B5CDF3}.Debug|Mixed Platforms.ActiveCfg = Debug|Any CPU
		{0C46FA68-DEF7-4530-AECF-97B382B5CDF3}.Debug|Mixed Platforms.Build.0 = Debug|Any CPU
		{0C46FA68-DEF7-4530-AECF-97B382B5CDF3}.Debug|x86.ActiveCfg = Debug|Any CPU
		{0C46FA68-DEF7-4530-AECF-97B382B5CDF3}.Release|.NET.ActiveCfg = Release|Any CPU
		{0C46FA68-DEF7-4530-AECF-97B382B5CDF3}.Release|Any CPU.ActiveCfg = Release|Any CPU
		{0C46FA68-DEF7-4530-AECF-97B382B5CDF3}.Release|Any CPU.Build.0 = Release|Any CPU
		{0C46FA68-DEF7-4530-AECF-97B382B5CDF3}.Release|Mixed Platforms.ActiveCfg = Release|Any CPU
		{0C46FA68-DEF7-4530-AECF-97B382B5CDF3}.Release|Mixed Platforms.Build.0 = Release|Any CPU
		{0C46FA68-DEF7-4530-AECF-97B382B5CDF3}.Release|x86.ActiveCfg = Release|Any CPU
		{53CD8E3D-8850-4161-A934-BBD66074E325}.Debug|.NET.ActiveCfg = Debug|Any CPU
		{53CD8E3D-8850-4161-A934-BBD66074E325}.Debug|Any CPU.ActiveCfg = Debug|Any CPU
		{53CD8E3D-8850-4161-A934-BBD66074E325}.Debug|Any CPU.Build.0 = Debug|Any CPU
		{53CD8E3D-8850-4161-A934-BBD66074E325}.Debug|Mixed Platforms.ActiveCfg = Debug|Any CPU
		{53CD8E3D-8850-4161-A934-BBD66074E325}.Debug|Mixed Platforms.Build.0 = Debug|Any CPU
		{53CD8E3D-8850-4161-A934-BBD66074E325}.Debug|x86.ActiveCfg = Debug|Any CPU
		{53CD8E3D-8850-4161-A934-BBD66074E325}.Release|.NET.ActiveCfg = Release|Any CPU
		{53CD8E3D-8850-4161-A934-BBD66074E325}.Release|Any CPU.ActiveCfg = Release|Any CPU
		{53CD8E3D-8850-4161-A934-BBD66074E325}.Release|Any CPU.Build.0 = Release|Any CPU
		{53CD8E3D-8850-4161-A934-BBD66074E325}.Release|Mixed Platforms.ActiveCfg = Release|Any CPU
		{53CD8E3D-8850-4161-A934-BBD66074E325}.Release|Mixed Platforms.Build.0 = Release|Any CPU
		{53CD8E3D-8850-4161-A934-BBD66074E325}.Release|x86.ActiveCfg = Release|Any CPU
		{4B545C65-2F2F-4B83-A3F0-3B9C2B12ECD3}.Debug|.NET.ActiveCfg = Debug|Any CPU
		{4B545C65-2F2F-4B83-A3F0-3B9C2B12ECD3}.Debug|Any CPU.ActiveCfg = Debug|Any CPU
		{4B545C65-2F2F-4B83-A3F0-3B9C2B12ECD3}.Debug|Any CPU.Build.0 = Debug|Any CPU
		{4B545C65-2F2F-4B83-A3F0-3B9C2B12ECD3}.Debug|Mixed Platforms.ActiveCfg = Debug|Any CPU
		{4B545C65-2F2F-4B83-A3F0-3B9C2B12ECD3}.Debug|Mixed Platforms.Build.0 = Debug|Any CPU
		{4B545C65-2F2F-4B83-A3F0-3B9C2B12ECD3}.Debug|x86.ActiveCfg = Debug|Any CPU
		{4B545C65-2F2F-4B83-A3F0-3B9C2B12ECD3}.Release|.NET.ActiveCfg = Release|Any CPU
		{4B545C65-2F2F-4B83-A3F0-3B9C2B12ECD3}.Release|Any CPU.ActiveCfg = Release|Any CPU
		{4B545C65-2F2F-4B83-A3F0-3B9C2B12ECD3}.Release|Any CPU.Build.0 = Release|Any CPU
		{4B545C65-2F2F-4B83-A3F0-3B9C2B12ECD3}.Release|Mixed Platforms.ActiveCfg = Release|Any CPU
		{4B545C65-2F2F-4B83-A3F0-3B9C2B12ECD3}.Release|Mixed Platforms.Build.0 = Release|Any CPU
		{4B545C65-2F2F-4B83-A3F0-3B9C2B12ECD3}.Release|x86.ActiveCfg = Release|Any CPU
		{D9590EB3-60E7-4DFB-A366-B75A19C3A09A}.Debug|.NET.ActiveCfg = Debug|Any CPU
		{D9590EB3-60E7-4DFB-A366-B75A19C3A09A}.Debug|Any CPU.ActiveCfg = Debug|Any CPU
		{D9590EB3-60E7-4DFB-A366-B75A19C3A09A}.Debug|Any CPU.Build.0 = Debug|Any CPU
		{D9590EB3-60E7-4DFB-A366-B75A19C3A09A}.Debug|Mixed Platforms.ActiveCfg = Debug|Any CPU
		{D9590EB3-60E7-4DFB-A366-B75A19C3A09A}.Debug|Mixed Platforms.Build.0 = Debug|Any CPU
		{D9590EB3-60E7-4DFB-A366-B75A19C3A09A}.Debug|x86.ActiveCfg = Debug|Any CPU
		{D9590EB3-60E7-4DFB-A366-B75A19C3A09A}.Release|.NET.ActiveCfg = Release|Any CPU
		{D9590EB3-60E7-4DFB-A366-B75A19C3A09A}.Release|Any CPU.ActiveCfg = Release|Any CPU
		{D9590EB3-60E7-4DFB-A366-B75A19C3A09A}.Release|Any CPU.Build.0 = Release|Any CPU
		{D9590EB3-60E7-4DFB-A366-B75A19C3A09A}.Release|Mixed Platforms.ActiveCfg = Release|Any CPU
		{D9590EB3-60E7-4DFB-A366-B75A19C3A09A}.Release|Mixed Platforms.Build.0 = Release|Any CPU
		{D9590EB3-60E7-4DFB-A366-B75A19C3A09A}.Release|x86.ActiveCfg = Release|Any CPU
		{AEEDEB7A-799D-4493-9AC8-D192742AA31D}.Debug|.NET.ActiveCfg = Debug|Any CPU
		{AEEDEB7A-799D-4493-9AC8-D192742AA31D}.Debug|Any CPU.ActiveCfg = Debug|Any CPU
		{AEEDEB7A-799D-4493-9AC8-D192742AA31D}.Debug|Any CPU.Build.0 = Debug|Any CPU
		{AEEDEB7A-799D-4493-9AC8-D192742AA31D}.Debug|Mixed Platforms.ActiveCfg = Debug|Any CPU
		{AEEDEB7A-799D-4493-9AC8-D192742AA31D}.Debug|Mixed Platforms.Build.0 = Debug|Any CPU
		{AEEDEB7A-799D-4493-9AC8-D192742AA31D}.Debug|x86.ActiveCfg = Debug|Any CPU
		{AEEDEB7A-799D-4493-9AC8-D192742AA31D}.Release|.NET.ActiveCfg = Release|Any CPU
		{AEEDEB7A-799D-4493-9AC8-D192742AA31D}.Release|Any CPU.ActiveCfg = Release|Any CPU
		{AEEDEB7A-799D-4493-9AC8-D192742AA31D}.Release|Any CPU.Build.0 = Release|Any CPU
		{AEEDEB7A-799D-4493-9AC8-D192742AA31D}.Release|Mixed Platforms.ActiveCfg = Release|Any CPU
		{AEEDEB7A-799D-4493-9AC8-D192742AA31D}.Release|Mixed Platforms.Build.0 = Release|Any CPU
		{AEEDEB7A-799D-4493-9AC8-D192742AA31D}.Release|x86.ActiveCfg = Release|Any CPU
		{247B0846-C3A5-44DD-A636-9F178B898213}.Debug|.NET.ActiveCfg = Debug|Any CPU
		{247B0846-C3A5-44DD-A636-9F178B898213}.Debug|Any CPU.ActiveCfg = Debug|Any CPU
		{247B0846-C3A5-44DD-A636-9F178B898213}.Debug|Any CPU.Build.0 = Debug|Any CPU
		{247B0846-C3A5-44DD-A636-9F178B898213}.Debug|Mixed Platforms.ActiveCfg = Debug|Any CPU
		{247B0846-C3A5-44DD-A636-9F178B898213}.Debug|Mixed Platforms.Build.0 = Debug|Any CPU
		{247B0846-C3A5-44DD-A636-9F178B898213}.Debug|x86.ActiveCfg = Debug|Any CPU
		{247B0846-C3A5-44DD-A636-9F178B898213}.Release|.NET.ActiveCfg = Release|Any CPU
		{247B0846-C3A5-44DD-A636-9F178B898213}.Release|Any CPU.ActiveCfg = Release|Any CPU
		{247B0846-C3A5-44DD-A636-9F178B898213}.Release|Any CPU.Build.0 = Release|Any CPU
		{247B0846-C3A5-44DD-A636-9F178B898213}.Release|Mixed Platforms.ActiveCfg = Release|Any CPU
		{247B0846-C3A5-44DD-A636-9F178B898213}.Release|Mixed Platforms.Build.0 = Release|Any CPU
		{247B0846-C3A5-44DD-A636-9F178B898213}.Release|x86.ActiveCfg = Release|Any CPU
		{E6D85224-ADA4-48A6-9FD4-156425345616}.Debug|.NET.ActiveCfg = Debug|Any CPU
		{E6D85224-ADA4-48A6-9FD4-156425345616}.Debug|Any CPU.ActiveCfg = Debug|Any CPU
		{E6D85224-ADA4-48A6-9FD4-156425345616}.Debug|Any CPU.Build.0 = Debug|Any CPU
		{E6D85224-ADA4-48A6-9FD4-156425345616}.Debug|Mixed Platforms.ActiveCfg = Debug|Any CPU
		{E6D85224-ADA4-48A6-9FD4-156425345616}.Debug|Mixed Platforms.Build.0 = Debug|Any CPU
		{E6D85224-ADA4-48A6-9FD4-156425345616}.Debug|x86.ActiveCfg = Debug|Any CPU
		{E6D85224-ADA4-48A6-9FD4-156425345616}.Release|.NET.ActiveCfg = Release|Any CPU
		{E6D85224-ADA4-48A6-9FD4-156425345616}.Release|Any CPU.ActiveCfg = Release|Any CPU
		{E6D85224-ADA4-48A6-9FD4-156425345616}.Release|Any CPU.Build.0 = Release|Any CPU
		{E6D85224-ADA4-48A6-9FD4-156425345616}.Release|Mixed Platforms.ActiveCfg = Release|Any CPU
		{E6D85224-ADA4-48A6-9FD4-156425345616}.Release|Mixed Platforms.Build.0 = Release|Any CPU
		{E6D85224-ADA4-48A6-9FD4-156425345616}.Release|x86.ActiveCfg = Release|Any CPU
		{95254F71-277C-482D-B2B2-0A9561B29EEC}.Debug|.NET.ActiveCfg = Debug|Any CPU
		{95254F71-277C-482D-B2B2-0A9561B29EEC}.Debug|Any CPU.ActiveCfg = Debug|Any CPU
		{95254F71-277C-482D-B2B2-0A9561B29EEC}.Debug|Any CPU.Build.0 = Debug|Any CPU
		{95254F71-277C-482D-B2B2-0A9561B29EEC}.Debug|Mixed Platforms.ActiveCfg = Debug|Any CPU
		{95254F71-277C-482D-B2B2-0A9561B29EEC}.Debug|Mixed Platforms.Build.0 = Debug|Any CPU
		{95254F71-277C-482D-B2B2-0A9561B29EEC}.Debug|x86.ActiveCfg = Debug|Any CPU
		{95254F71-277C-482D-B2B2-0A9561B29EEC}.Release|.NET.ActiveCfg = Release|Any CPU
		{95254F71-277C-482D-B2B2-0A9561B29EEC}.Release|Any CPU.ActiveCfg = Release|Any CPU
		{95254F71-277C-482D-B2B2-0A9561B29EEC}.Release|Any CPU.Build.0 = Release|Any CPU
		{95254F71-277C-482D-B2B2-0A9561B29EEC}.Release|Mixed Platforms.ActiveCfg = Release|Any CPU
		{95254F71-277C-482D-B2B2-0A9561B29EEC}.Release|Mixed Platforms.Build.0 = Release|Any CPU
		{95254F71-277C-482D-B2B2-0A9561B29EEC}.Release|x86.ActiveCfg = Release|Any CPU
		{A1154007-CC4F-41A7-8713-28738F22C696}.Debug|.NET.ActiveCfg = Debug|Any CPU
		{A1154007-CC4F-41A7-8713-28738F22C696}.Debug|Any CPU.ActiveCfg = Debug|Any CPU
		{A1154007-CC4F-41A7-8713-28738F22C696}.Debug|Any CPU.Build.0 = Debug|Any CPU
		{A1154007-CC4F-41A7-8713-28738F22C696}.Debug|Mixed Platforms.ActiveCfg = Debug|Any CPU
		{A1154007-CC4F-41A7-8713-28738F22C696}.Debug|Mixed Platforms.Build.0 = Debug|Any CPU
		{A1154007-CC4F-41A7-8713-28738F22C696}.Debug|x86.ActiveCfg = Debug|Any CPU
		{A1154007-CC4F-41A7-8713-28738F22C696}.Release|.NET.ActiveCfg = Release|Any CPU
		{A1154007-CC4F-41A7-8713-28738F22C696}.Release|Any CPU.ActiveCfg = Release|Any CPU
		{A1154007-CC4F-41A7-8713-28738F22C696}.Release|Any CPU.Build.0 = Release|Any CPU
		{A1154007-CC4F-41A7-8713-28738F22C696}.Release|Mixed Platforms.ActiveCfg = Release|Any CPU
		{A1154007-CC4F-41A7-8713-28738F22C696}.Release|Mixed Platforms.Build.0 = Release|Any CPU
		{A1154007-CC4F-41A7-8713-28738F22C696}.Release|x86.ActiveCfg = Release|Any CPU
		{355E404B-AFEC-4239-B26B-3B20C0DD6204}.Debug|.NET.ActiveCfg = Debug|Any CPU
		{355E404B-AFEC-4239-B26B-3B20C0DD6204}.Debug|Any CPU.ActiveCfg = Debug|Any CPU
		{355E404B-AFEC-4239-B26B-3B20C0DD6204}.Debug|Any CPU.Build.0 = Debug|Any CPU
		{355E404B-AFEC-4239-B26B-3B20C0DD6204}.Debug|Mixed Platforms.ActiveCfg = Debug|Any CPU
		{355E404B-AFEC-4239-B26B-3B20C0DD6204}.Debug|Mixed Platforms.Build.0 = Debug|Any CPU
		{355E404B-AFEC-4239-B26B-3B20C0DD6204}.Debug|x86.ActiveCfg = Debug|Any CPU
		{355E404B-AFEC-4239-B26B-3B20C0DD6204}.Release|.NET.ActiveCfg = Release|Any CPU
		{355E404B-AFEC-4239-B26B-3B20C0DD6204}.Release|Any CPU.ActiveCfg = Release|Any CPU
		{355E404B-AFEC-4239-B26B-3B20C0DD6204}.Release|Any CPU.Build.0 = Release|Any CPU
		{355E404B-AFEC-4239-B26B-3B20C0DD6204}.Release|Mixed Platforms.ActiveCfg = Release|Any CPU
		{355E404B-AFEC-4239-B26B-3B20C0DD6204}.Release|Mixed Platforms.Build.0 = Release|Any CPU
		{355E404B-AFEC-4239-B26B-3B20C0DD6204}.Release|x86.ActiveCfg = Release|Any CPU
		{3469197D-7B0D-49DA-888A-7B547C582775}.Debug|.NET.ActiveCfg = Debug|Any CPU
		{3469197D-7B0D-49DA-888A-7B547C582775}.Debug|Any CPU.ActiveCfg = Debug|Any CPU
		{3469197D-7B0D-49DA-888A-7B547C582775}.Debug|Any CPU.Build.0 = Debug|Any CPU
		{3469197D-7B0D-49DA-888A-7B547C582775}.Debug|Mixed Platforms.ActiveCfg = Debug|Any CPU
		{3469197D-7B0D-49DA-888A-7B547C582775}.Debug|Mixed Platforms.Build.0 = Debug|Any CPU
		{3469197D-7B0D-49DA-888A-7B547C582775}.Debug|x86.ActiveCfg = Debug|Any CPU
		{3469197D-7B0D-49DA-888A-7B547C582775}.Release|.NET.ActiveCfg = Release|Any CPU
		{3469197D-7B0D-49DA-888A-7B547C582775}.Release|Any CPU.ActiveCfg = Release|Any CPU
		{3469197D-7B0D-49DA-888A-7B547C582775}.Release|Any CPU.Build.0 = Release|Any CPU
		{3469197D-7B0D-49DA-888A-7B547C582775}.Release|Mixed Platforms.ActiveCfg = Release|Any CPU
		{3469197D-7B0D-49DA-888A-7B547C582775}.Release|Mixed Platforms.Build.0 = Release|Any CPU
		{3469197D-7B0D-49DA-888A-7B547C582775}.Release|x86.ActiveCfg = Release|Any CPU
		{D08C3A69-8D98-4046-B53A-C7ABFC0ACD0F}.Debug|.NET.ActiveCfg = Debug|Any CPU
		{D08C3A69-8D98-4046-B53A-C7ABFC0ACD0F}.Debug|Any CPU.ActiveCfg = Debug|Any CPU
		{D08C3A69-8D98-4046-B53A-C7ABFC0ACD0F}.Debug|Any CPU.Build.0 = Debug|Any CPU
		{D08C3A69-8D98-4046-B53A-C7ABFC0ACD0F}.Debug|Mixed Platforms.ActiveCfg = Debug|Any CPU
		{D08C3A69-8D98-4046-B53A-C7ABFC0ACD0F}.Debug|Mixed Platforms.Build.0 = Debug|Any CPU
		{D08C3A69-8D98-4046-B53A-C7ABFC0ACD0F}.Debug|x86.ActiveCfg = Debug|Any CPU
		{D08C3A69-8D98-4046-B53A-C7ABFC0ACD0F}.Release|.NET.ActiveCfg = Release|Any CPU
		{D08C3A69-8D98-4046-B53A-C7ABFC0ACD0F}.Release|Any CPU.ActiveCfg = Release|Any CPU
		{D08C3A69-8D98-4046-B53A-C7ABFC0ACD0F}.Release|Any CPU.Build.0 = Release|Any CPU
		{D08C3A69-8D98-4046-B53A-C7ABFC0ACD0F}.Release|Mixed Platforms.ActiveCfg = Release|Any CPU
		{D08C3A69-8D98-4046-B53A-C7ABFC0ACD0F}.Release|Mixed Platforms.Build.0 = Release|Any CPU
		{D08C3A69-8D98-4046-B53A-C7ABFC0ACD0F}.Release|x86.ActiveCfg = Release|Any CPU
		{8EF50632-22C7-45CF-8932-EE3F33E8F334}.Debug|.NET.ActiveCfg = Debug|Any CPU
		{8EF50632-22C7-45CF-8932-EE3F33E8F334}.Debug|Any CPU.ActiveCfg = Debug|Any CPU
		{8EF50632-22C7-45CF-8932-EE3F33E8F334}.Debug|Any CPU.Build.0 = Debug|Any CPU
		{8EF50632-22C7-45CF-8932-EE3F33E8F334}.Debug|Mixed Platforms.ActiveCfg = Debug|Any CPU
		{8EF50632-22C7-45CF-8932-EE3F33E8F334}.Debug|Mixed Platforms.Build.0 = Debug|Any CPU
		{8EF50632-22C7-45CF-8932-EE3F33E8F334}.Debug|x86.ActiveCfg = Debug|Any CPU
		{8EF50632-22C7-45CF-8932-EE3F33E8F334}.Release|.NET.ActiveCfg = Release|Any CPU
		{8EF50632-22C7-45CF-8932-EE3F33E8F334}.Release|Any CPU.ActiveCfg = Release|Any CPU
		{8EF50632-22C7-45CF-8932-EE3F33E8F334}.Release|Any CPU.Build.0 = Release|Any CPU
		{8EF50632-22C7-45CF-8932-EE3F33E8F334}.Release|Mixed Platforms.ActiveCfg = Release|Any CPU
		{8EF50632-22C7-45CF-8932-EE3F33E8F334}.Release|Mixed Platforms.Build.0 = Release|Any CPU
		{8EF50632-22C7-45CF-8932-EE3F33E8F334}.Release|x86.ActiveCfg = Release|Any CPU
		{0950AFE9-4440-452A-AEC7-A2BA034CD900}.Debug|.NET.ActiveCfg = Debug|Any CPU
		{0950AFE9-4440-452A-AEC7-A2BA034CD900}.Debug|Any CPU.ActiveCfg = Debug|Any CPU
		{0950AFE9-4440-452A-AEC7-A2BA034CD900}.Debug|Any CPU.Build.0 = Debug|Any CPU
		{0950AFE9-4440-452A-AEC7-A2BA034CD900}.Debug|Mixed Platforms.ActiveCfg = Debug|Any CPU
		{0950AFE9-4440-452A-AEC7-A2BA034CD900}.Debug|Mixed Platforms.Build.0 = Debug|Any CPU
		{0950AFE9-4440-452A-AEC7-A2BA034CD900}.Debug|x86.ActiveCfg = Debug|Any CPU
		{0950AFE9-4440-452A-AEC7-A2BA034CD900}.Release|.NET.ActiveCfg = Release|Any CPU
		{0950AFE9-4440-452A-AEC7-A2BA034CD900}.Release|Any CPU.ActiveCfg = Release|Any CPU
		{0950AFE9-4440-452A-AEC7-A2BA034CD900}.Release|Any CPU.Build.0 = Release|Any CPU
		{0950AFE9-4440-452A-AEC7-A2BA034CD900}.Release|Mixed Platforms.ActiveCfg = Release|Any CPU
		{0950AFE9-4440-452A-AEC7-A2BA034CD900}.Release|Mixed Platforms.Build.0 = Release|Any CPU
		{0950AFE9-4440-452A-AEC7-A2BA034CD900}.Release|x86.ActiveCfg = Release|Any CPU
		{A5AE96EE-08A5-4CFD-8B7C-C8E0EC22F497}.Debug|.NET.ActiveCfg = Debug|Any CPU
		{A5AE96EE-08A5-4CFD-8B7C-C8E0EC22F497}.Debug|Any CPU.ActiveCfg = Debug|Any CPU
		{A5AE96EE-08A5-4CFD-8B7C-C8E0EC22F497}.Debug|Any CPU.Build.0 = Debug|Any CPU
		{A5AE96EE-08A5-4CFD-8B7C-C8E0EC22F497}.Debug|Mixed Platforms.ActiveCfg = Debug|Any CPU
		{A5AE96EE-08A5-4CFD-8B7C-C8E0EC22F497}.Debug|Mixed Platforms.Build.0 = Debug|Any CPU
		{A5AE96EE-08A5-4CFD-8B7C-C8E0EC22F497}.Debug|x86.ActiveCfg = Debug|Any CPU
		{A5AE96EE-08A5-4CFD-8B7C-C8E0EC22F497}.Release|.NET.ActiveCfg = Release|Any CPU
		{A5AE96EE-08A5-4CFD-8B7C-C8E0EC22F497}.Release|Any CPU.ActiveCfg = Release|Any CPU
		{A5AE96EE-08A5-4CFD-8B7C-C8E0EC22F497}.Release|Any CPU.Build.0 = Release|Any CPU
		{A5AE96EE-08A5-4CFD-8B7C-C8E0EC22F497}.Release|Mixed Platforms.ActiveCfg = Release|Any CPU
		{A5AE96EE-08A5-4CFD-8B7C-C8E0EC22F497}.Release|Mixed Platforms.Build.0 = Release|Any CPU
		{A5AE96EE-08A5-4CFD-8B7C-C8E0EC22F497}.Release|x86.ActiveCfg = Release|Any CPU
		{EAF9ACF4-F614-4C99-9367-0E7BE33E6814}.Debug|.NET.ActiveCfg = Debug|Any CPU
		{EAF9ACF4-F614-4C99-9367-0E7BE33E6814}.Debug|Any CPU.ActiveCfg = Debug|Any CPU
		{EAF9ACF4-F614-4C99-9367-0E7BE33E6814}.Debug|Any CPU.Build.0 = Debug|Any CPU
		{EAF9ACF4-F614-4C99-9367-0E7BE33E6814}.Debug|Mixed Platforms.ActiveCfg = Debug|Any CPU
		{EAF9ACF4-F614-4C99-9367-0E7BE33E6814}.Debug|Mixed Platforms.Build.0 = Debug|Any CPU
		{EAF9ACF4-F614-4C99-9367-0E7BE33E6814}.Debug|x86.ActiveCfg = Debug|Any CPU
		{EAF9ACF4-F614-4C99-9367-0E7BE33E6814}.Release|.NET.ActiveCfg = Release|Any CPU
		{EAF9ACF4-F614-4C99-9367-0E7BE33E6814}.Release|Any CPU.ActiveCfg = Release|Any CPU
		{EAF9ACF4-F614-4C99-9367-0E7BE33E6814}.Release|Any CPU.Build.0 = Release|Any CPU
		{EAF9ACF4-F614-4C99-9367-0E7BE33E6814}.Release|Mixed Platforms.ActiveCfg = Release|Any CPU
		{EAF9ACF4-F614-4C99-9367-0E7BE33E6814}.Release|Mixed Platforms.Build.0 = Release|Any CPU
		{EAF9ACF4-F614-4C99-9367-0E7BE33E6814}.Release|x86.ActiveCfg = Release|Any CPU
		{57DC8760-250F-4D03-BFFA-AC2BE8902997}.Debug|.NET.ActiveCfg = Debug|Any CPU
		{57DC8760-250F-4D03-BFFA-AC2BE8902997}.Debug|Any CPU.ActiveCfg = Debug|Any CPU
		{57DC8760-250F-4D03-BFFA-AC2BE8902997}.Debug|Any CPU.Build.0 = Debug|Any CPU
		{57DC8760-250F-4D03-BFFA-AC2BE8902997}.Debug|Mixed Platforms.ActiveCfg = Debug|Any CPU
		{57DC8760-250F-4D03-BFFA-AC2BE8902997}.Debug|Mixed Platforms.Build.0 = Debug|Any CPU
		{57DC8760-250F-4D03-BFFA-AC2BE8902997}.Debug|x86.ActiveCfg = Debug|Any CPU
		{57DC8760-250F-4D03-BFFA-AC2BE8902997}.Release|.NET.ActiveCfg = Release|Any CPU
		{57DC8760-250F-4D03-BFFA-AC2BE8902997}.Release|Any CPU.ActiveCfg = Release|Any CPU
		{57DC8760-250F-4D03-BFFA-AC2BE8902997}.Release|Any CPU.Build.0 = Release|Any CPU
		{57DC8760-250F-4D03-BFFA-AC2BE8902997}.Release|Mixed Platforms.ActiveCfg = Release|Any CPU
		{57DC8760-250F-4D03-BFFA-AC2BE8902997}.Release|Mixed Platforms.Build.0 = Release|Any CPU
		{57DC8760-250F-4D03-BFFA-AC2BE8902997}.Release|x86.ActiveCfg = Release|Any CPU
		{1CE51BC1-E95D-4E84-90F7-DB36C81450E2}.Debug|.NET.ActiveCfg = Debug|x86
		{1CE51BC1-E95D-4E84-90F7-DB36C81450E2}.Debug|Any CPU.ActiveCfg = Debug|x86
		{1CE51BC1-E95D-4E84-90F7-DB36C81450E2}.Debug|Mixed Platforms.ActiveCfg = Debug|x86
		{1CE51BC1-E95D-4E84-90F7-DB36C81450E2}.Debug|Mixed Platforms.Build.0 = Debug|x86
		{1CE51BC1-E95D-4E84-90F7-DB36C81450E2}.Debug|x86.ActiveCfg = Debug|x86
		{1CE51BC1-E95D-4E84-90F7-DB36C81450E2}.Debug|x86.Build.0 = Debug|x86
		{1CE51BC1-E95D-4E84-90F7-DB36C81450E2}.Release|.NET.ActiveCfg = Release|x86
		{1CE51BC1-E95D-4E84-90F7-DB36C81450E2}.Release|Any CPU.ActiveCfg = Release|x86
		{1CE51BC1-E95D-4E84-90F7-DB36C81450E2}.Release|Mixed Platforms.ActiveCfg = Release|x86
		{1CE51BC1-E95D-4E84-90F7-DB36C81450E2}.Release|Mixed Platforms.Build.0 = Release|x86
		{1CE51BC1-E95D-4E84-90F7-DB36C81450E2}.Release|x86.ActiveCfg = Release|x86
		{1CE51BC1-E95D-4E84-90F7-DB36C81450E2}.Release|x86.Build.0 = Release|x86
		{3035A7B9-1FC5-4125-9992-C1F5037A4626}.Debug|.NET.ActiveCfg = Debug|Any CPU
		{3035A7B9-1FC5-4125-9992-C1F5037A4626}.Debug|Any CPU.ActiveCfg = Debug|Any CPU
		{3035A7B9-1FC5-4125-9992-C1F5037A4626}.Debug|Any CPU.Build.0 = Debug|Any CPU
		{3035A7B9-1FC5-4125-9992-C1F5037A4626}.Debug|Mixed Platforms.ActiveCfg = Debug|Any CPU
		{3035A7B9-1FC5-4125-9992-C1F5037A4626}.Debug|Mixed Platforms.Build.0 = Debug|Any CPU
		{3035A7B9-1FC5-4125-9992-C1F5037A4626}.Debug|x86.ActiveCfg = Debug|Any CPU
		{3035A7B9-1FC5-4125-9992-C1F5037A4626}.Release|.NET.ActiveCfg = Release|Any CPU
		{3035A7B9-1FC5-4125-9992-C1F5037A4626}.Release|Any CPU.ActiveCfg = Release|Any CPU
		{3035A7B9-1FC5-4125-9992-C1F5037A4626}.Release|Any CPU.Build.0 = Release|Any CPU
		{3035A7B9-1FC5-4125-9992-C1F5037A4626}.Release|Mixed Platforms.ActiveCfg = Release|Any CPU
		{3035A7B9-1FC5-4125-9992-C1F5037A4626}.Release|Mixed Platforms.Build.0 = Release|Any CPU
		{3035A7B9-1FC5-4125-9992-C1F5037A4626}.Release|x86.ActiveCfg = Release|Any CPU
		{F0794CFC-182F-4B95-995F-D0D4B2917BD6}.Debug|.NET.ActiveCfg = Debug|Any CPU
		{F0794CFC-182F-4B95-995F-D0D4B2917BD6}.Debug|Any CPU.ActiveCfg = Debug|Any CPU
		{F0794CFC-182F-4B95-995F-D0D4B2917BD6}.Debug|Any CPU.Build.0 = Debug|Any CPU
		{F0794CFC-182F-4B95-995F-D0D4B2917BD6}.Debug|Mixed Platforms.ActiveCfg = Debug|Any CPU
		{F0794CFC-182F-4B95-995F-D0D4B2917BD6}.Debug|Mixed Platforms.Build.0 = Debug|Any CPU
		{F0794CFC-182F-4B95-995F-D0D4B2917BD6}.Debug|x86.ActiveCfg = Debug|Any CPU
		{F0794CFC-182F-4B95-995F-D0D4B2917BD6}.Release|.NET.ActiveCfg = Release|Any CPU
		{F0794CFC-182F-4B95-995F-D0D4B2917BD6}.Release|Any CPU.ActiveCfg = Release|Any CPU
		{F0794CFC-182F-4B95-995F-D0D4B2917BD6}.Release|Any CPU.Build.0 = Release|Any CPU
		{F0794CFC-182F-4B95-995F-D0D4B2917BD6}.Release|Mixed Platforms.ActiveCfg = Release|Any CPU
		{F0794CFC-182F-4B95-995F-D0D4B2917BD6}.Release|Mixed Platforms.Build.0 = Release|Any CPU
		{F0794CFC-182F-4B95-995F-D0D4B2917BD6}.Release|x86.ActiveCfg = Release|Any CPU
		{55B1F9D3-49F6-4951-A2C4-2D27B5A4610E}.Debug|.NET.ActiveCfg = Debug|Any CPU
		{55B1F9D3-49F6-4951-A2C4-2D27B5A4610E}.Debug|Any CPU.ActiveCfg = Debug|Any CPU
		{55B1F9D3-49F6-4951-A2C4-2D27B5A4610E}.Debug|Any CPU.Build.0 = Debug|Any CPU
		{55B1F9D3-49F6-4951-A2C4-2D27B5A4610E}.Debug|Mixed Platforms.ActiveCfg = Debug|Any CPU
		{55B1F9D3-49F6-4951-A2C4-2D27B5A4610E}.Debug|Mixed Platforms.Build.0 = Debug|Any CPU
		{55B1F9D3-49F6-4951-A2C4-2D27B5A4610E}.Debug|x86.ActiveCfg = Debug|Any CPU
		{55B1F9D3-49F6-4951-A2C4-2D27B5A4610E}.Release|.NET.ActiveCfg = Release|Any CPU
		{55B1F9D3-49F6-4951-A2C4-2D27B5A4610E}.Release|Any CPU.ActiveCfg = Release|Any CPU
		{55B1F9D3-49F6-4951-A2C4-2D27B5A4610E}.Release|Any CPU.Build.0 = Release|Any CPU
		{55B1F9D3-49F6-4951-A2C4-2D27B5A4610E}.Release|Mixed Platforms.ActiveCfg = Release|Any CPU
		{55B1F9D3-49F6-4951-A2C4-2D27B5A4610E}.Release|Mixed Platforms.Build.0 = Release|Any CPU
		{55B1F9D3-49F6-4951-A2C4-2D27B5A4610E}.Release|x86.ActiveCfg = Release|Any CPU
		{B13B1365-AB50-4C70-9DFA-6C44FBE1ABAB}.Debug|.NET.ActiveCfg = Debug|Any CPU
		{B13B1365-AB50-4C70-9DFA-6C44FBE1ABAB}.Debug|Any CPU.ActiveCfg = Debug|Any CPU
		{B13B1365-AB50-4C70-9DFA-6C44FBE1ABAB}.Debug|Any CPU.Build.0 = Debug|Any CPU
		{B13B1365-AB50-4C70-9DFA-6C44FBE1ABAB}.Debug|Mixed Platforms.ActiveCfg = Debug|Any CPU
		{B13B1365-AB50-4C70-9DFA-6C44FBE1ABAB}.Debug|Mixed Platforms.Build.0 = Debug|Any CPU
		{B13B1365-AB50-4C70-9DFA-6C44FBE1ABAB}.Debug|x86.ActiveCfg = Debug|Any CPU
		{B13B1365-AB50-4C70-9DFA-6C44FBE1ABAB}.Release|.NET.ActiveCfg = Release|Any CPU
		{B13B1365-AB50-4C70-9DFA-6C44FBE1ABAB}.Release|Any CPU.ActiveCfg = Release|Any CPU
		{B13B1365-AB50-4C70-9DFA-6C44FBE1ABAB}.Release|Any CPU.Build.0 = Release|Any CPU
		{B13B1365-AB50-4C70-9DFA-6C44FBE1ABAB}.Release|Mixed Platforms.ActiveCfg = Release|Any CPU
		{B13B1365-AB50-4C70-9DFA-6C44FBE1ABAB}.Release|Mixed Platforms.Build.0 = Release|Any CPU
		{B13B1365-AB50-4C70-9DFA-6C44FBE1ABAB}.Release|x86.ActiveCfg = Release|Any CPU
		{D94DBF0E-0CEC-4E3A-BE1F-138F2A52D66A}.Debug|.NET.ActiveCfg = Debug|Any CPU
		{D94DBF0E-0CEC-4E3A-BE1F-138F2A52D66A}.Debug|Any CPU.ActiveCfg = Debug|Any CPU
		{D94DBF0E-0CEC-4E3A-BE1F-138F2A52D66A}.Debug|Any CPU.Build.0 = Debug|Any CPU
		{D94DBF0E-0CEC-4E3A-BE1F-138F2A52D66A}.Debug|Mixed Platforms.ActiveCfg = Debug|Any CPU
		{D94DBF0E-0CEC-4E3A-BE1F-138F2A52D66A}.Debug|Mixed Platforms.Build.0 = Debug|Any CPU
		{D94DBF0E-0CEC-4E3A-BE1F-138F2A52D66A}.Debug|x86.ActiveCfg = Debug|Any CPU
		{D94DBF0E-0CEC-4E3A-BE1F-138F2A52D66A}.Release|.NET.ActiveCfg = Release|Any CPU
		{D94DBF0E-0CEC-4E3A-BE1F-138F2A52D66A}.Release|Any CPU.ActiveCfg = Release|Any CPU
		{D94DBF0E-0CEC-4E3A-BE1F-138F2A52D66A}.Release|Any CPU.Build.0 = Release|Any CPU
		{D94DBF0E-0CEC-4E3A-BE1F-138F2A52D66A}.Release|Mixed Platforms.ActiveCfg = Release|Any CPU
		{D94DBF0E-0CEC-4E3A-BE1F-138F2A52D66A}.Release|Mixed Platforms.Build.0 = Release|Any CPU
		{D94DBF0E-0CEC-4E3A-BE1F-138F2A52D66A}.Release|x86.ActiveCfg = Release|Any CPU
		{FD274FD0-9933-4C1C-9BF8-F8BFC3954799}.Debug|.NET.ActiveCfg = Debug|Any CPU
		{FD274FD0-9933-4C1C-9BF8-F8BFC3954799}.Debug|Any CPU.ActiveCfg = Debug|Any CPU
		{FD274FD0-9933-4C1C-9BF8-F8BFC3954799}.Debug|Any CPU.Build.0 = Debug|Any CPU
		{FD274FD0-9933-4C1C-9BF8-F8BFC3954799}.Debug|Mixed Platforms.ActiveCfg = Debug|Any CPU
		{FD274FD0-9933-4C1C-9BF8-F8BFC3954799}.Debug|Mixed Platforms.Build.0 = Debug|Any CPU
		{FD274FD0-9933-4C1C-9BF8-F8BFC3954799}.Debug|x86.ActiveCfg = Debug|Any CPU
		{FD274FD0-9933-4C1C-9BF8-F8BFC3954799}.Release|.NET.ActiveCfg = Release|Any CPU
		{FD274FD0-9933-4C1C-9BF8-F8BFC3954799}.Release|Any CPU.ActiveCfg = Release|Any CPU
		{FD274FD0-9933-4C1C-9BF8-F8BFC3954799}.Release|Any CPU.Build.0 = Release|Any CPU
		{FD274FD0-9933-4C1C-9BF8-F8BFC3954799}.Release|Mixed Platforms.ActiveCfg = Release|Any CPU
		{FD274FD0-9933-4C1C-9BF8-F8BFC3954799}.Release|Mixed Platforms.Build.0 = Release|Any CPU
		{FD274FD0-9933-4C1C-9BF8-F8BFC3954799}.Release|x86.ActiveCfg = Release|Any CPU
	EndGlobalSection
	GlobalSection(SolutionProperties) = preSolution
		HideSolutionNode = FALSE
	EndGlobalSection
	GlobalSection(NestedProjects) = preSolution
		{DF7731B0-75D6-4A72-B6AA-E2F62209662C} = {EEA7083E-480F-4CE4-A0C9-B1A4697ED380}
		{11107D97-E18E-4488-AF82-1F5E380B4F50} = {EEA7083E-480F-4CE4-A0C9-B1A4697ED380}
		{74AC8138-03FD-4BD0-96D5-CEA7DA68717D} = {DF7731B0-75D6-4A72-B6AA-E2F62209662C}
		{9B61180A-E9DC-419D-8197-8DFA5EA4376F} = {DF7731B0-75D6-4A72-B6AA-E2F62209662C}
		{463F1ADD-C231-4F95-9685-85B16312C237} = {DF7731B0-75D6-4A72-B6AA-E2F62209662C}
		{4BC995AE-8FAC-4981-978C-5410180B5D6E} = {DF7731B0-75D6-4A72-B6AA-E2F62209662C}
		{AA5ADA8A-42CA-49FE-920C-94284FA4A515} = {DF7731B0-75D6-4A72-B6AA-E2F62209662C}
		{B071D2AA-19A7-45AF-8962-651E5229920A} = {DF7731B0-75D6-4A72-B6AA-E2F62209662C}
		{4209DFA8-30AE-4E72-8053-4D4ACFF8A38C} = {DF7731B0-75D6-4A72-B6AA-E2F62209662C}
		{53637273-3591-453E-BCD1-47D647A5B0FA} = {DF7731B0-75D6-4A72-B6AA-E2F62209662C}
		{ED1A5103-38CB-4BB6-A0B9-17B5830E530C} = {DF7731B0-75D6-4A72-B6AA-E2F62209662C}
		{EEDA820E-03C9-4494-A950-AFD5EAC81B92} = {DF7731B0-75D6-4A72-B6AA-E2F62209662C}
		{6F92F17A-522C-4AAA-B0F7-F5E3E12BA47C} = {DF7731B0-75D6-4A72-B6AA-E2F62209662C}
		{D9590EB3-60E7-4DFB-A366-B75A19C3A09A} = {DF7731B0-75D6-4A72-B6AA-E2F62209662C}
		{E6D85224-ADA4-48A6-9FD4-156425345616} = {DF7731B0-75D6-4A72-B6AA-E2F62209662C}
		{A1154007-CC4F-41A7-8713-28738F22C696} = {DF7731B0-75D6-4A72-B6AA-E2F62209662C}
		{355E404B-AFEC-4239-B26B-3B20C0DD6204} = {DF7731B0-75D6-4A72-B6AA-E2F62209662C}
		{D08C3A69-8D98-4046-B53A-C7ABFC0ACD0F} = {DF7731B0-75D6-4A72-B6AA-E2F62209662C}
		{A5AE96EE-08A5-4CFD-8B7C-C8E0EC22F497} = {DF7731B0-75D6-4A72-B6AA-E2F62209662C}
		{43C9CC60-AA71-493D-814A-19A515000B79} = {11107D97-E18E-4488-AF82-1F5E380B4F50}
		{736A9AEB-DF9C-4D1F-90D5-2A4F2C4FF3AF} = {11107D97-E18E-4488-AF82-1F5E380B4F50}
		{7B2712CD-75FB-47A0-82EF-84C3CDE33A10} = {11107D97-E18E-4488-AF82-1F5E380B4F50}
		{122D3021-8062-4815-A4A0-4DEA8EDBDB32} = {11107D97-E18E-4488-AF82-1F5E380B4F50}
		{249CC06E-0CEF-414C-B0CB-21C1F357468F} = {11107D97-E18E-4488-AF82-1F5E380B4F50}
		{95254F71-277C-482D-B2B2-0A9561B29EEC} = {11107D97-E18E-4488-AF82-1F5E380B4F50}
		{3469197D-7B0D-49DA-888A-7B547C582775} = {11107D97-E18E-4488-AF82-1F5E380B4F50}
		{1CE51BC1-E95D-4E84-90F7-DB36C81450E2} = {11107D97-E18E-4488-AF82-1F5E380B4F50}
		{9E9C2E72-BDB2-4365-BF05-795B8D1F52BF} = {74AC8138-03FD-4BD0-96D5-CEA7DA68717D}
		{76E1F3F1-CF62-4FF9-A5DB-19F54012BA15} = {74AC8138-03FD-4BD0-96D5-CEA7DA68717D}
		{00C1804E-D1E1-4FB8-BB96-61F09CCFB9BB} = {74AC8138-03FD-4BD0-96D5-CEA7DA68717D}
		{4B67291B-E223-4614-9804-EE49E5537BAF} = {74AC8138-03FD-4BD0-96D5-CEA7DA68717D}
		{0C46FA68-DEF7-4530-AECF-97B382B5CDF3} = {74AC8138-03FD-4BD0-96D5-CEA7DA68717D}
		{AEEDEB7A-799D-4493-9AC8-D192742AA31D} = {74AC8138-03FD-4BD0-96D5-CEA7DA68717D}
		{8EF50632-22C7-45CF-8932-EE3F33E8F334} = {74AC8138-03FD-4BD0-96D5-CEA7DA68717D}
		{EAF9ACF4-F614-4C99-9367-0E7BE33E6814} = {74AC8138-03FD-4BD0-96D5-CEA7DA68717D}
		{F0794CFC-182F-4B95-995F-D0D4B2917BD6} = {74AC8138-03FD-4BD0-96D5-CEA7DA68717D}
		{55B1F9D3-49F6-4951-A2C4-2D27B5A4610E} = {74AC8138-03FD-4BD0-96D5-CEA7DA68717D}
		{FD274FD0-9933-4C1C-9BF8-F8BFC3954799} = {74AC8138-03FD-4BD0-96D5-CEA7DA68717D}
		{207803F8-3268-49C6-B40D-24B74D42F5E4} = {43C9CC60-AA71-493D-814A-19A515000B79}
		{53CD8E3D-8850-4161-A934-BBD66074E325} = {43C9CC60-AA71-493D-814A-19A515000B79}
		{4B545C65-2F2F-4B83-A3F0-3B9C2B12ECD3} = {43C9CC60-AA71-493D-814A-19A515000B79}
		{247B0846-C3A5-44DD-A636-9F178B898213} = {43C9CC60-AA71-493D-814A-19A515000B79}
		{0950AFE9-4440-452A-AEC7-A2BA034CD900} = {43C9CC60-AA71-493D-814A-19A515000B79}
		{57DC8760-250F-4D03-BFFA-AC2BE8902997} = {43C9CC60-AA71-493D-814A-19A515000B79}
		{3035A7B9-1FC5-4125-9992-C1F5037A4626} = {43C9CC60-AA71-493D-814A-19A515000B79}
		{B13B1365-AB50-4C70-9DFA-6C44FBE1ABAB} = {43C9CC60-AA71-493D-814A-19A515000B79}
		{D94DBF0E-0CEC-4E3A-BE1F-138F2A52D66A} = {43C9CC60-AA71-493D-814A-19A515000B79}
	EndGlobalSection
EndGlobal
